
Microsoft Visual Studio Solution File, Format Version 12.00
# Visual Studio Version 17
VisualStudioVersion = 17.7.34202.233
MinimumVisualStudioVersion = 10.0.40219.1
Project("{9A19103F-16F7-4668-BE54-9A1E7A4F7556}") = "PathBitAPI", "PathBitAPI\PathBitAPI.csproj", "{6E17E888-2C08-4760-B0E7-16C4DF0215C7}"
EndProject
Project("{FAE04EC0-301F-11D3-BF4B-00C04F79EFBC}") = "SendEmail", "SendEmail\SendEmail.csproj", "{F81DD0BD-BDDF-417E-95AA-F12681E156D5}"
EndProject
Global
	GlobalSection(SolutionConfigurationPlatforms) = preSolution
		Debug|Any CPU = Debug|Any CPU
		Release|Any CPU = Release|Any CPU
	EndGlobalSection
	GlobalSection(ProjectConfigurationPlatforms) = postSolution
		{6E17E888-2C08-4760-B0E7-16C4DF0215C7}.Debug|Any CPU.ActiveCfg = Debug|Any CPU
		{6E17E888-2C08-4760-B0E7-16C4DF0215C7}.Debug|Any CPU.Build.0 = Debug|Any CPU
		{6E17E888-2C08-4760-B0E7-16C4DF0215C7}.Release|Any CPU.ActiveCfg = Release|Any CPU
		{6E17E888-2C08-4760-B0E7-16C4DF0215C7}.Release|Any CPU.Build.0 = Release|Any CPU
		{F81DD0BD-BDDF-417E-95AA-F12681E156D5}.Debug|Any CPU.ActiveCfg = Debug|Any CPU
		{F81DD0BD-BDDF-417E-95AA-F12681E156D5}.Debug|Any CPU.Build.0 = Debug|Any CPU
		{F81DD0BD-BDDF-417E-95AA-F12681E156D5}.Release|Any CPU.ActiveCfg = Release|Any CPU
		{F81DD0BD-BDDF-417E-95AA-F12681E156D5}.Release|Any CPU.Build.0 = Release|Any CPU
	EndGlobalSection
	GlobalSection(SolutionProperties) = preSolution
		HideSolutionNode = FALSE
	EndGlobalSection
	GlobalSection(ExtensibilityGlobals) = postSolution
		SolutionGuid = {A71C9CDA-A824-414D-9D53-0AAF9EC299BD}
	EndGlobalSection
EndGlobal
